
Microsoft Visual Studio Solution File, Format Version 12.00
# Visual Studio Version 17
VisualStudioVersion = 17.2.32630.192
MinimumVisualStudioVersion = 10.0.40219.1
Project("{9A19103F-16F7-4668-BE54-9A1E7A4F7556}") = "NumMethods", "NumMethods.csproj", "{D63758E7-9EC8-4AD1-9AB7-1AD56D779A5D}"
EndProject
Global
	GlobalSection(SolutionConfigurationPlatforms) = preSolution
		Debug|Any CPU = Debug|Any CPU
		Release|Any CPU = Release|Any CPU
	EndGlobalSection
	GlobalSection(ProjectConfigurationPlatforms) = postSolution
		{D63758E7-9EC8-4AD1-9AB7-1AD56D779A5D}.Debug|Any CPU.ActiveCfg = Debug|Any CPU
		{D63758E7-9EC8-4AD1-9AB7-1AD56D779A5D}.Debug|Any CPU.Build.0 = Debug|Any CPU
		{D63758E7-9EC8-4AD1-9AB7-1AD56D779A5D}.Release|Any CPU.ActiveCfg = Release|Any CPU
		{D63758E7-9EC8-4AD1-9AB7-1AD56D779A5D}.Release|Any CPU.Build.0 = Release|Any CPU
	EndGlobalSection
	GlobalSection(SolutionProperties) = preSolution
		HideSolutionNode = FALSE
	EndGlobalSection
	GlobalSection(ExtensibilityGlobals) = postSolution
		SolutionGuid = {605FF006-F2FF-4AF5-8247-6A174D690694}
	EndGlobalSection
EndGlobal
